
Microsoft Visual Studio Solution File, Format Version 12.00
# Visual Studio 15
VisualStudioVersion = 15.0.28010.2041
MinimumVisualStudioVersion = 10.0.40219.1
Project("{8BC9CEB8-8B4A-11D0-8D11-00A0C91BC942}") = "Greeddice", "Greeddice\Greeddice.vcxproj", "{0D66B748-BA41-4D39-8D80-EDF254A239F9}"
EndProject
Global
	GlobalSection(SolutionConfigurationPlatforms) = preSolution
		Debug|x64 = Debug|x64
		Debug|x86 = Debug|x86
		Release|x64 = Release|x64
		Release|x86 = Release|x86
	EndGlobalSection
	GlobalSection(ProjectConfigurationPlatforms) = postSolution
		{0D66B748-BA41-4D39-8D80-EDF254A239F9}.Debug|x64.ActiveCfg = Debug|x64
		{0D66B748-BA41-4D39-8D80-EDF254A239F9}.Debug|x64.Build.0 = Debug|x64
		{0D66B748-BA41-4D39-8D80-EDF254A239F9}.Debug|x86.ActiveCfg = Debug|Win32
		{0D66B748-BA41-4D39-8D80-EDF254A239F9}.Debug|x86.Build.0 = Debug|Win32
		{0D66B748-BA41-4D39-8D80-EDF254A239F9}.Release|x64.ActiveCfg = Release|x64
		{0D66B748-BA41-4D39-8D80-EDF254A239F9}.Release|x64.Build.0 = Release|x64
		{0D66B748-BA41-4D39-8D80-EDF254A239F9}.Release|x86.ActiveCfg = Release|Win32
		{0D66B748-BA41-4D39-8D80-EDF254A239F9}.Release|x86.Build.0 = Release|Win32
	EndGlobalSection
	GlobalSection(SolutionProperties) = preSolution
		HideSolutionNode = FALSE
	EndGlobalSection
	GlobalSection(ExtensibilityGlobals) = postSolution
		SolutionGuid = {A95EE185-6818-4F7B-8248-B60B812ABB1C}
	EndGlobalSection
EndGlobal
